PODS:
  - FBAnnotationClusteringSwift (1.0.1)
  - R.swift (2.4.0):
    - R.swift.Library (~> 2.2.0)
  - R.swift.Library (2.2.0)
  - Realm (1.0.1):
    - Realm/Headers (= 1.0.1)
  - Realm/Headers (1.0.1)
  - RealmSwift (1.0.1):
    - Realm (= 1.0.1)

DEPENDENCIES:
  - FBAnnotationClusteringSwift
  - R.swift
  - RealmSwift

SPEC CHECKSUMS:
  FBAnnotationClusteringSwift: a1f4c07f5472b13acd69de04c61e68e2d7daaad3
  R.swift: 0ef9c42dc6c94ac44a3c78a7639c73f855a8e159
  R.swift.Library: 31a487b65381f37a7d203a6f1f935b43c9be35b0
  Realm: 2e15e39d35b08abb529e212ed5d8af107b5236c8
  RealmSwift: d73ea2af08c3676dbdd5e4b669651a0f492162a4

PODFILE CHECKSUM: f9b9a78023306780b52664e4c0f04d534cb081cb

COCOAPODS: 1.0.1
