// !$*UTF8*$!
{
	archiveVersion = 1;
	classes = {
	};
	objectVersion = 46;
	objects = {

/* Begin PBXBuildFile section */
		92C76440D49BE5457B366E94 /* Pods_gotchamap.framework in Frameworks */ = {isa = PBXBuildFile; fileRef = 09B270BA4F2869CE10974319 /* Pods_gotchamap.framework */; };
		F4038D361D50D6C500445DA4 /* FirebaseManager.swift in Sources */ = {isa = PBXBuildFile; fileRef = F4038D351D50D6C500445DA4 /* FirebaseManager.swift */; };
		F4038D391D50D83E00445DA4 /* Constants.swift in Sources */ = {isa = PBXBuildFile; fileRef = F4038D381D50D83E00445DA4 /* Constants.swift */; };
		F4038D3C1D50F1B900445DA4 /* PokeRequest.swift in Sources */ = {isa = PBXBuildFile; fileRef = F4038D3B1D50F1B900445DA4 /* PokeRequest.swift */; };
		F4038D531D51113400445DA4 /* GeoFire.m in Sources */ = {isa = PBXBuildFile; fileRef = F4038D4A1D51113400445DA4 /* GeoFire.m */; };
		F4038D541D51113400445DA4 /* GFBase32Utils.m in Sources */ = {isa = PBXBuildFile; fileRef = F4038D4C1D51113400445DA4 /* GFBase32Utils.m */; };
		F4038D551D51113400445DA4 /* GFGeoHash.m in Sources */ = {isa = PBXBuildFile; fileRef = F4038D4E1D51113400445DA4 /* GFGeoHash.m */; };
		F4038D561D51113400445DA4 /* GFGeoHashQuery.m in Sources */ = {isa = PBXBuildFile; fileRef = F4038D501D51113400445DA4 /* GFGeoHashQuery.m */; };
		F4038D571D51113400445DA4 /* GFQuery.m in Sources */ = {isa = PBXBuildFile; fileRef = F4038D521D51113400445DA4 /* GFQuery.m */; };
		F41FCB191D464D7A00FC446E /* PokeInfoVC.swift in Sources */ = {isa = PBXBuildFile; fileRef = F41FCB171D464D7A00FC446E /* PokeInfoVC.swift */; };
		F41FCB1A1D464D7A00FC446E /* PokeInfoVC.xib in Resources */ = {isa = PBXBuildFile; fileRef = F41FCB181D464D7A00FC446E /* PokeInfoVC.xib */; };
		F43EED971D570FAB00DF2D91 /* Debug.swift in Sources */ = {isa = PBXBuildFile; fileRef = F43EED961D570FAB00DF2D91 /* Debug.swift */; };
		F446DEAC1D41DF3B007BDEA0 /* CoreLocation.framework in Frameworks */ = {isa = PBXBuildFile; fileRef = F446DEAB1D41DF3B007BDEA0 /* CoreLocation.framework */; };
		F47464CB1D4494250003F4C4 /* PokemonHelper.swift in Sources */ = {isa = PBXBuildFile; fileRef = F47464CA1D4494250003F4C4 /* PokemonHelper.swift */; };
		F47464CD1D44959D0003F4C4 /* PokedexVC.swift in Sources */ = {isa = PBXBuildFile; fileRef = F47464CC1D44959D0003F4C4 /* PokedexVC.swift */; };
		F47464CF1D44BDD00003F4C4 /* PokedexSearchController.swift in Sources */ = {isa = PBXBuildFile; fileRef = F47464CE1D44BDD00003F4C4 /* PokedexSearchController.swift */; };
		F47464D11D44BE840003F4C4 /* PokedexSearchBar.swift in Sources */ = {isa = PBXBuildFile; fileRef = F47464D01D44BE840003F4C4 /* PokedexSearchBar.swift */; };
		F47464D31D44C0320003F4C4 /* PokedexCell.swift in Sources */ = {isa = PBXBuildFile; fileRef = F47464D21D44C0320003F4C4 /* PokedexCell.swift */; };
		F47E36531D4220820030B445 /* pokemon.json in Resources */ = {isa = PBXBuildFile; fileRef = F47E36521D4220820030B445 /* pokemon.json */; };
		F47E36551D425C750030B445 /* PokeAnnotationView.swift in Sources */ = {isa = PBXBuildFile; fileRef = F47E36541D425C750030B445 /* PokeAnnotationView.swift */; };
		F47E36581D4334E70030B445 /* Pokemon.swift in Sources */ = {isa = PBXBuildFile; fileRef = F47E36571D4334E70030B445 /* Pokemon.swift */; };
		F47E365B1D4338DD0030B445 /* DataManager.swift in Sources */ = {isa = PBXBuildFile; fileRef = F47E365A1D4338DD0030B445 /* DataManager.swift */; };
		F49206F91D4E482300BCEEA4 /* GoogleService-Info.plist in Resources */ = {isa = PBXBuildFile; fileRef = F49206F81D4E482300BCEEA4 /* GoogleService-Info.plist */; };
		F4CA4A0C1D408A1100669B1F /* AppDelegate.swift in Sources */ = {isa = PBXBuildFile; fileRef = F4CA4A0B1D408A1100669B1F /* AppDelegate.swift */; };
		F4CA4A131D408A1100669B1F /* Assets.xcassets in Resources */ = {isa = PBXBuildFile; fileRef = F4CA4A121D408A1100669B1F /* Assets.xcassets */; };
		F4CA4A211D408A1100669B1F /* gotchamapTests.swift in Sources */ = {isa = PBXBuildFile; fileRef = F4CA4A201D408A1100669B1F /* gotchamapTests.swift */; };
		F4CA4A2C1D408A1100669B1F /* gotchamapUITests.swift in Sources */ = {isa = PBXBuildFile; fileRef = F4CA4A2B1D408A1100669B1F /* gotchamapUITests.swift */; };
		F4CA4A3A1D408A1A00669B1F /* MapKit.framework in Frameworks */ = {isa = PBXBuildFile; fileRef = F4CA4A391D408A1A00669B1F /* MapKit.framework */; };
		F4CA4A3C1D408AA400669B1F /* MainVC.swift in Sources */ = {isa = PBXBuildFile; fileRef = F4CA4A3B1D408AA400669B1F /* MainVC.swift */; };
		F4CA4A3E1D408B4800669B1F /* UIView+Radius.swift in Sources */ = {isa = PBXBuildFile; fileRef = F4CA4A3D1D408B4800669B1F /* UIView+Radius.swift */; };
		F4CA4A401D412F1F00669B1F /* NotoSans-Regular.ttf in Resources */ = {isa = PBXBuildFile; fileRef = F4CA4A3F1D412F1F00669B1F /* NotoSans-Regular.ttf */; };
		F4CA4A421D412F3600669B1F /* NotoSans-Bold.ttf in Resources */ = {isa = PBXBuildFile; fileRef = F4CA4A411D412F3600669B1F /* NotoSans-Bold.ttf */; };
		F4CA4A451D4130FC00669B1F /* UIColor+Gotcha.swift in Sources */ = {isa = PBXBuildFile; fileRef = F4CA4A441D4130FC00669B1F /* UIColor+Gotcha.swift */; };
		F4CA4A471D41311900669B1F /* UIFont+Gotcha.swift in Sources */ = {isa = PBXBuildFile; fileRef = F4CA4A461D41311900669B1F /* UIFont+Gotcha.swift */; };
		F4CA4A491D41351D00669B1F /* UIColor+Hue.swift in Sources */ = {isa = PBXBuildFile; fileRef = F4CA4A481D41351D00669B1F /* UIColor+Hue.swift */; };
		F4CA4A531D4137A400669B1F /* FBAnnotationClusterView.swift in Sources */ = {isa = PBXBuildFile; fileRef = F4CA4A4C1D4137A400669B1F /* FBAnnotationClusterView.swift */; };
		F4CA4A541D4137A400669B1F /* FBAnnotation.swift in Sources */ = {isa = PBXBuildFile; fileRef = F4CA4A4D1D4137A400669B1F /* FBAnnotation.swift */; };
		F4CA4A551D4137A400669B1F /* FBAnnotationCluster.swift in Sources */ = {isa = PBXBuildFile; fileRef = F4CA4A4E1D4137A400669B1F /* FBAnnotationCluster.swift */; };
		F4CA4A561D4137A400669B1F /* FBBoundingBox.swift in Sources */ = {isa = PBXBuildFile; fileRef = F4CA4A4F1D4137A400669B1F /* FBBoundingBox.swift */; };
		F4CA4A571D4137A400669B1F /* FBClusteringManager.swift in Sources */ = {isa = PBXBuildFile; fileRef = F4CA4A501D4137A400669B1F /* FBClusteringManager.swift */; };
		F4CA4A581D4137A400669B1F /* FBQuadTree.swift in Sources */ = {isa = PBXBuildFile; fileRef = F4CA4A511D4137A400669B1F /* FBQuadTree.swift */; };
		F4CA4A591D4137A400669B1F /* FBQuadTreeNode.swift in Sources */ = {isa = PBXBuildFile; fileRef = F4CA4A521D4137A400669B1F /* FBQuadTreeNode.swift */; };
		F4CCA7F71D56511A0002A6F2 /* FIRPokemon.swift in Sources */ = {isa = PBXBuildFile; fileRef = F4CCA7F61D56511A0002A6F2 /* FIRPokemon.swift */; };
		F4D706BD1D58E1EB00B22C60 /* ReportPokeMapVC.swift in Sources */ = {isa = PBXBuildFile; fileRef = F4D706BC1D58E1EB00B22C60 /* ReportPokeMapVC.swift */; };
		F4E9FA791D4D101200CE692F /* BubbleTransition.swift in Sources */ = {isa = PBXBuildFile; fileRef = F4E9FA781D4D101200CE692F /* BubbleTransition.swift */; };
/* End PBXBuildFile section */

/* Begin PBXContainerItemProxy section */
		F4CA4A1D1D408A1100669B1F /* PBXContainerItemProxy */ = {
			isa = PBXContainerItemProxy;
			containerPortal = F4CA4A001D408A1100669B1F /* Project object */;
			proxyType = 1;
			remoteGlobalIDString = F4CA4A071D408A1100669B1F;
			remoteInfo = gotchamap;
		};
		F4CA4A281D408A1100669B1F /* PBXContainerItemProxy */ = {
			isa = PBXContainerItemProxy;
			containerPortal = F4CA4A001D408A1100669B1F /* Project object */;
			proxyType = 1;
			remoteGlobalIDString = F4CA4A071D408A1100669B1F;
			remoteInfo = gotchamap;
		};
/* End PBXContainerItemProxy section */

/* Begin PBXFileReference section */
		09B270BA4F2869CE10974319 /* Pods_gotchamap.framework */ = {isa = PBXFileReference; explicitFileType = wrapper.framework; includeInIndex = 0; path = Pods_gotchamap.framework; sourceTree = BUILT_PRODUCTS_DIR; };
		8C68677082A00B2ABAAD2799 /* Pods-gotchamap.release.xcconfig */ = {isa = PBXFileReference; includeInIndex = 1; lastKnownFileType = text.xcconfig; name = "Pods-gotchamap.release.xcconfig"; path = "Pods/Target Support Files/Pods-gotchamap/Pods-gotchamap.release.xcconfig"; sourceTree = "<group>"; };
		C3DF02E75B2DCCD905BB66DD /* Pods-gotchamap.debug.xcconfig */ = {isa = PBXFileReference; includeInIndex = 1; lastKnownFileType = text.xcconfig; name = "Pods-gotchamap.debug.xcconfig"; path = "Pods/Target Support Files/Pods-gotchamap/Pods-gotchamap.debug.xcconfig"; sourceTree = "<group>"; };
		F4038D351D50D6C500445DA4 /* FirebaseManager.swift */ = {isa = PBXFileReference; fileEncoding = 4; lastKnownFileType = sourcecode.swift; path = FirebaseManager.swift; sourceTree = "<group>"; };
		F4038D381D50D83E00445DA4 /* Constants.swift */ = {isa = PBXFileReference; fileEncoding = 4; lastKnownFileType = sourcecode.swift; path = Constants.swift; sourceTree = "<group>"; };
		F4038D3B1D50F1B900445DA4 /* PokeRequest.swift */ = {isa = PBXFileReference; fileEncoding = 4; lastKnownFileType = sourcecode.swift; path = PokeRequest.swift; sourceTree = "<group>"; };
		F4038D431D51113400445DA4 /* GeoFire.h */ = {isa = PBXFileReference; fileEncoding = 4; lastKnownFileType = sourcecode.c.h; path = GeoFire.h; sourceTree = "<group>"; };
		F4038D441D51113400445DA4 /* GFCircleQuery.h */ = {isa = PBXFileReference; fileEncoding = 4; lastKnownFileType = sourcecode.c.h; path = GFCircleQuery.h; sourceTree = "<group>"; };
		F4038D451D51113400445DA4 /* GFQuery.h */ = {isa = PBXFileReference; fileEncoding = 4; lastKnownFileType = sourcecode.c.h; path = GFQuery.h; sourceTree = "<group>"; };
		F4038D461D51113400445DA4 /* GFRegionQuery.h */ = {isa = PBXFileReference; fileEncoding = 4; lastKnownFileType = sourcecode.c.h; path = GFRegionQuery.h; sourceTree = "<group>"; };
		F4038D471D51113400445DA4 /* GeoFire-Prefix.pch */ = {isa = PBXFileReference; fileEncoding = 4; lastKnownFileType = sourcecode.c.h; name = "GeoFire-Prefix.pch"; path = "Lib/GeoFire/GeoFire-Prefix.pch"; sourceTree = "<group>"; };
		F4038D491D51113400445DA4 /* GeoFire+Private.h */ = {isa = PBXFileReference; fileEncoding = 4; lastKnownFileType = sourcecode.c.h; path = "GeoFire+Private.h"; sourceTree = "<group>"; };
		F4038D4A1D51113400445DA4 /* GeoFire.m */ = {isa = PBXFileReference; fileEncoding = 4; lastKnownFileType = sourcecode.c.objc; path = GeoFire.m; sourceTree = "<group>"; };
		F4038D4B1D51113400445DA4 /* GFBase32Utils.h */ = {isa = PBXFileReference; fileEncoding = 4; lastKnownFileType = sourcecode.c.h; path = GFBase32Utils.h; sourceTree = "<group>"; };
		F4038D4C1D51113400445DA4 /* GFBase32Utils.m */ = {isa = PBXFileReference; fileEncoding = 4; lastKnownFileType = sourcecode.c.objc; path = GFBase32Utils.m; sourceTree = "<group>"; };
		F4038D4D1D51113400445DA4 /* GFGeoHash.h */ = {isa = PBXFileReference; fileEncoding = 4; lastKnownFileType = sourcecode.c.h; path = GFGeoHash.h; sourceTree = "<group>"; };
		F4038D4E1D51113400445DA4 /* GFGeoHash.m */ = {isa = PBXFileReference; fileEncoding = 4; lastKnownFileType = sourcecode.c.objc; path = GFGeoHash.m; sourceTree = "<group>"; };
		F4038D4F1D51113400445DA4 /* GFGeoHashQuery.h */ = {isa = PBXFileReference; fileEncoding = 4; lastKnownFileType = sourcecode.c.h; path = GFGeoHashQuery.h; sourceTree = "<group>"; };
		F4038D501D51113400445DA4 /* GFGeoHashQuery.m */ = {isa = PBXFileReference; fileEncoding = 4; lastKnownFileType = sourcecode.c.objc; path = GFGeoHashQuery.m; sourceTree = "<group>"; };
		F4038D511D51113400445DA4 /* GFQuery+Private.h */ = {isa = PBXFileReference; fileEncoding = 4; lastKnownFileType = sourcecode.c.h; path = "GFQuery+Private.h"; sourceTree = "<group>"; };
		F4038D521D51113400445DA4 /* GFQuery.m */ = {isa = PBXFileReference; fileEncoding = 4; lastKnownFileType = sourcecode.c.objc; path = GFQuery.m; sourceTree = "<group>"; };
		F4038D5B1D5111B600445DA4 /* gotchamap-Bridging-Header.h */ = {isa = PBXFileReference; fileEncoding = 4; lastKnownFileType = sourcecode.c.h; path = "gotchamap-Bridging-Header.h"; sourceTree = "<group>"; };
		F41FCB171D464D7A00FC446E /* PokeInfoVC.swift */ = {isa = PBXFileReference; fileEncoding = 4; lastKnownFileType = sourcecode.swift; path = PokeInfoVC.swift; sourceTree = "<group>"; };
		F41FCB181D464D7A00FC446E /* PokeInfoVC.xib */ = {isa = PBXFileReference; fileEncoding = 4; lastKnownFileType = file.xib; path = PokeInfoVC.xib; sourceTree = "<group>"; };
		F43EED961D570FAB00DF2D91 /* Debug.swift */ = {isa = PBXFileReference; fileEncoding = 4; lastKnownFileType = sourcecode.swift; path = Debug.swift; sourceTree = "<group>"; };
		F446DEAB1D41DF3B007BDEA0 /* CoreLocation.framework */ = {isa = PBXFileReference; lastKnownFileType = wrapper.framework; name = CoreLocation.framework; path = System/Library/Frameworks/CoreLocation.framework; sourceTree = SDKROOT; };
		F47464CA1D4494250003F4C4 /* PokemonHelper.swift */ = {isa = PBXFileReference; fileEncoding = 4; lastKnownFileType = sourcecode.swift; path = PokemonHelper.swift; sourceTree = "<group>"; };
		F47464CC1D44959D0003F4C4 /* PokedexVC.swift */ = {isa = PBXFileReference; fileEncoding = 4; lastKnownFileType = sourcecode.swift; path = PokedexVC.swift; sourceTree = "<group>"; };
		F47464CE1D44BDD00003F4C4 /* PokedexSearchController.swift */ = {isa = PBXFileReference; fileEncoding = 4; lastKnownFileType = sourcecode.swift; path = PokedexSearchController.swift; sourceTree = "<group>"; };
		F47464D01D44BE840003F4C4 /* PokedexSearchBar.swift */ = {isa = PBXFileReference; fileEncoding = 4; lastKnownFileType = sourcecode.swift; path = PokedexSearchBar.swift; sourceTree = "<group>"; };
		F47464D21D44C0320003F4C4 /* PokedexCell.swift */ = {isa = PBXFileReference; fileEncoding = 4; lastKnownFileType = sourcecode.swift; path = PokedexCell.swift; sourceTree = "<group>"; };
		F47E36521D4220820030B445 /* pokemon.json */ = {isa = PBXFileReference; fileEncoding = 4; lastKnownFileType = text.json; path = pokemon.json; sourceTree = "<group>"; };
		F47E36541D425C750030B445 /* PokeAnnotationView.swift */ = {isa = PBXFileReference; fileEncoding = 4; lastKnownFileType = sourcecode.swift; path = PokeAnnotationView.swift; sourceTree = "<group>"; };
		F47E36571D4334E70030B445 /* Pokemon.swift */ = {isa = PBXFileReference; fileEncoding = 4; lastKnownFileType = sourcecode.swift; path = Pokemon.swift; sourceTree = "<group>"; };
		F47E365A1D4338DD0030B445 /* DataManager.swift */ = {isa = PBXFileReference; fileEncoding = 4; lastKnownFileType = sourcecode.swift; path = DataManager.swift; sourceTree = "<group>"; };
		F49206F81D4E482300BCEEA4 /* GoogleService-Info.plist */ = {isa = PBXFileReference; fileEncoding = 4; lastKnownFileType = text.plist.xml; path = "GoogleService-Info.plist"; sourceTree = "<group>"; };
		F4CA4A081D408A1100669B1F /* gotchamap.app */ = {isa = PBXFileReference; explicitFileType = wrapper.application; includeInIndex = 0; path = gotchamap.app; sourceTree = BUILT_PRODUCTS_DIR; };
		F4CA4A0B1D408A1100669B1F /* AppDelegate.swift */ = {isa = PBXFileReference; lastKnownFileType = sourcecode.swift; path = AppDelegate.swift; sourceTree = "<group>"; };
		F4CA4A121D408A1100669B1F /* Assets.xcassets */ = {isa = PBXFileReference; lastKnownFileType = folder.assetcatalog; path = Assets.xcassets; sourceTree = "<group>"; };
		F4CA4A171D408A1100669B1F /* Info.plist */ = {isa = PBXFileReference; lastKnownFileType = text.plist.xml; path = Info.plist; sourceTree = "<group>"; };
		F4CA4A1C1D408A1100669B1F /* gotchamapTests.xctest */ = {isa = PBXFileReference; explicitFileType = wrapper.cfbundle; includeInIndex = 0; path = gotchamapTests.xctest; sourceTree = BUILT_PRODUCTS_DIR; };
		F4CA4A201D408A1100669B1F /* gotchamapTests.swift */ = {isa = PBXFileReference; lastKnownFileType = sourcecode.swift; path = gotchamapTests.swift; sourceTree = "<group>"; };
		F4CA4A221D408A1100669B1F /* Info.plist */ = {isa = PBXFileReference; lastKnownFileType = text.plist.xml; path = Info.plist; sourceTree = "<group>"; };
		F4CA4A271D408A1100669B1F /* gotchamapUITests.xctest */ = {isa = PBXFileReference; explicitFileType = wrapper.cfbundle; includeInIndex = 0; path = gotchamapUITests.xctest; sourceTree = BUILT_PRODUCTS_DIR; };
		F4CA4A2B1D408A1100669B1F /* gotchamapUITests.swift */ = {isa = PBXFileReference; lastKnownFileType = sourcecode.swift; path = gotchamapUITests.swift; sourceTree = "<group>"; };
		F4CA4A2D1D408A1100669B1F /* Info.plist */ = {isa = PBXFileReference; lastKnownFileType = text.plist.xml; path = Info.plist; sourceTree = "<group>"; };
		F4CA4A391D408A1A00669B1F /* MapKit.framework */ = {isa = PBXFileReference; lastKnownFileType = wrapper.framework; name = MapKit.framework; path = System/Library/Frameworks/MapKit.framework; sourceTree = SDKROOT; };
		F4CA4A3B1D408AA400669B1F /* MainVC.swift */ = {isa = PBXFileReference; fileEncoding = 4; lastKnownFileType = sourcecode.swift; path = MainVC.swift; sourceTree = "<group>"; };
		F4CA4A3D1D408B4800669B1F /* UIView+Radius.swift */ = {isa = PBXFileReference; fileEncoding = 4; lastKnownFileType = sourcecode.swift; path = "UIView+Radius.swift"; sourceTree = "<group>"; };
		F4CA4A3F1D412F1F00669B1F /* NotoSans-Regular.ttf */ = {isa = PBXFileReference; lastKnownFileType = file; path = "NotoSans-Regular.ttf"; sourceTree = "<group>"; };
		F4CA4A411D412F3600669B1F /* NotoSans-Bold.ttf */ = {isa = PBXFileReference; lastKnownFileType = file; path = "NotoSans-Bold.ttf"; sourceTree = "<group>"; };
		F4CA4A441D4130FC00669B1F /* UIColor+Gotcha.swift */ = {isa = PBXFileReference; fileEncoding = 4; lastKnownFileType = sourcecode.swift; path = "UIColor+Gotcha.swift"; sourceTree = "<group>"; };
		F4CA4A461D41311900669B1F /* UIFont+Gotcha.swift */ = {isa = PBXFileReference; fileEncoding = 4; lastKnownFileType = sourcecode.swift; path = "UIFont+Gotcha.swift"; sourceTree = "<group>"; };
		F4CA4A481D41351D00669B1F /* UIColor+Hue.swift */ = {isa = PBXFileReference; fileEncoding = 4; lastKnownFileType = sourcecode.swift; path = "UIColor+Hue.swift"; sourceTree = "<group>"; };
		F4CA4A4C1D4137A400669B1F /* FBAnnotationClusterView.swift */ = {isa = PBXFileReference; fileEncoding = 4; lastKnownFileType = sourcecode.swift; name = FBAnnotationClusterView.swift; path = Lib/FBAnnotationClusteringSwift/FBAnnotationClusterView.swift; sourceTree = "<group>"; };
		F4CA4A4D1D4137A400669B1F /* FBAnnotation.swift */ = {isa = PBXFileReference; fileEncoding = 4; lastKnownFileType = sourcecode.swift; name = FBAnnotation.swift; path = Lib/FBAnnotationClusteringSwift/FBAnnotation.swift; sourceTree = "<group>"; };
		F4CA4A4E1D4137A400669B1F /* FBAnnotationCluster.swift */ = {isa = PBXFileReference; fileEncoding = 4; lastKnownFileType = sourcecode.swift; name = FBAnnotationCluster.swift; path = Lib/FBAnnotationClusteringSwift/FBAnnotationCluster.swift; sourceTree = "<group>"; };
		F4CA4A4F1D4137A400669B1F /* FBBoundingBox.swift */ = {isa = PBXFileReference; fileEncoding = 4; lastKnownFileType = sourcecode.swift; name = FBBoundingBox.swift; path = Lib/FBAnnotationClusteringSwift/FBBoundingBox.swift; sourceTree = "<group>"; };
		F4CA4A501D4137A400669B1F /* FBClusteringManager.swift */ = {isa = PBXFileReference; fileEncoding = 4; lastKnownFileType = sourcecode.swift; name = FBClusteringManager.swift; path = Lib/FBAnnotationClusteringSwift/FBClusteringManager.swift; sourceTree = "<group>"; };
		F4CA4A511D4137A400669B1F /* FBQuadTree.swift */ = {isa = PBXFileReference; fileEncoding = 4; lastKnownFileType = sourcecode.swift; name = FBQuadTree.swift; path = Lib/FBAnnotationClusteringSwift/FBQuadTree.swift; sourceTree = "<group>"; };
		F4CA4A521D4137A400669B1F /* FBQuadTreeNode.swift */ = {isa = PBXFileReference; fileEncoding = 4; lastKnownFileType = sourcecode.swift; name = FBQuadTreeNode.swift; path = Lib/FBAnnotationClusteringSwift/FBQuadTreeNode.swift; sourceTree = "<group>"; };
		F4CCA7F61D56511A0002A6F2 /* FIRPokemon.swift */ = {isa = PBXFileReference; fileEncoding = 4; lastKnownFileType = sourcecode.swift; path = FIRPokemon.swift; sourceTree = "<group>"; };
		F4D706BC1D58E1EB00B22C60 /* ReportPokeMapVC.swift */ = {isa = PBXFileReference; fileEncoding = 4; lastKnownFileType = sourcecode.swift; path = ReportPokeMapVC.swift; sourceTree = "<group>"; };
		F4E9FA781D4D101200CE692F /* BubbleTransition.swift */ = {isa = PBXFileReference; fileEncoding = 4; lastKnownFileType = sourcecode.swift; name = BubbleTransition.swift; path = Lib/BubbleTransition/BubbleTransition.swift; sourceTree = "<group>"; };
/* End PBXFileReference section */

/* Begin PBXFrameworksBuildPhase section */
		F4CA4A051D408A1100669B1F /* Frameworks */ = {
			isa = PBXFrameworksBuildPhase;
			buildActionMask = 2147483647;
			files = (
				F446DEAC1D41DF3B007BDEA0 /* CoreLocation.framework in Frameworks */,
				F4CA4A3A1D408A1A00669B1F /* MapKit.framework in Frameworks */,
				92C76440D49BE5457B366E94 /* Pods_gotchamap.framework in Frameworks */,
			);
			runOnlyForDeploymentPostprocessing = 0;
		};
		F4CA4A191D408A1100669B1F /* Frameworks */ = {
			isa = PBXFrameworksBuildPhase;
			buildActionMask = 2147483647;
			files = (
			);
			runOnlyForDeploymentPostprocessing = 0;
		};
		F4CA4A241D408A1100669B1F /* Frameworks */ = {
			isa = PBXFrameworksBuildPhase;
			buildActionMask = 2147483647;
			files = (
			);
			runOnlyForDeploymentPostprocessing = 0;
		};
/* End PBXFrameworksBuildPhase section */

/* Begin PBXGroup section */
		16CD92A9857E5B6790089104 /* Frameworks */ = {
			isa = PBXGroup;
			children = (
				F446DEAB1D41DF3B007BDEA0 /* CoreLocation.framework */,
				F4CA4A391D408A1A00669B1F /* MapKit.framework */,
				09B270BA4F2869CE10974319 /* Pods_gotchamap.framework */,
			);
			name = Frameworks;
			sourceTree = "<group>";
		};
		C28619161F319F9A5218EA42 /* Pods */ = {
			isa = PBXGroup;
			children = (
				C3DF02E75B2DCCD905BB66DD /* Pods-gotchamap.debug.xcconfig */,
				8C68677082A00B2ABAAD2799 /* Pods-gotchamap.release.xcconfig */,
			);
			name = Pods;
			sourceTree = "<group>";
		};
		F4038D371D50D82B00445DA4 /* Util */ = {
			isa = PBXGroup;
			children = (
				F4CA4A0B1D408A1100669B1F /* AppDelegate.swift */,
				F4038D381D50D83E00445DA4 /* Constants.swift */,
				F43EED961D570FAB00DF2D91 /* Debug.swift */,
			);
			name = Util;
			sourceTree = "<group>";
		};
		F4038D411D51112700445DA4 /* GeoFire */ = {
			isa = PBXGroup;
			children = (
				F4038D421D51113400445DA4 /* API */,
				F4038D471D51113400445DA4 /* GeoFire-Prefix.pch */,
				F4038D481D51113400445DA4 /* Implementation */,
			);
			name = GeoFire;
			sourceTree = "<group>";
		};
		F4038D421D51113400445DA4 /* API */ = {
			isa = PBXGroup;
			children = (
				F4038D431D51113400445DA4 /* GeoFire.h */,
				F4038D441D51113400445DA4 /* GFCircleQuery.h */,
				F4038D451D51113400445DA4 /* GFQuery.h */,
				F4038D461D51113400445DA4 /* GFRegionQuery.h */,
			);
			name = API;
			path = Lib/GeoFire/API;
			sourceTree = "<group>";
		};
		F4038D481D51113400445DA4 /* Implementation */ = {
			isa = PBXGroup;
			children = (
				F4038D491D51113400445DA4 /* GeoFire+Private.h */,
				F4038D4A1D51113400445DA4 /* GeoFire.m */,
				F4038D4B1D51113400445DA4 /* GFBase32Utils.h */,
				F4038D4C1D51113400445DA4 /* GFBase32Utils.m */,
				F4038D4D1D51113400445DA4 /* GFGeoHash.h */,
				F4038D4E1D51113400445DA4 /* GFGeoHash.m */,
				F4038D4F1D51113400445DA4 /* GFGeoHashQuery.h */,
				F4038D501D51113400445DA4 /* GFGeoHashQuery.m */,
				F4038D511D51113400445DA4 /* GFQuery+Private.h */,
				F4038D521D51113400445DA4 /* GFQuery.m */,
			);
			name = Implementation;
			path = Lib/GeoFire/Implementation;
			sourceTree = "<group>";
		};
		F47E36501D42205E0030B445 /* Font */ = {
			isa = PBXGroup;
			children = (
				F4CA4A411D412F3600669B1F /* NotoSans-Bold.ttf */,
				F4CA4A3F1D412F1F00669B1F /* NotoSans-Regular.ttf */,
			);
			name = Font;
			sourceTree = "<group>";
		};
		F47E36511D4220700030B445 /* Pokemon */ = {
			isa = PBXGroup;
			children = (
				F47E36521D4220820030B445 /* pokemon.json */,
			);
			name = Pokemon;
			sourceTree = "<group>";
		};
		F47E36561D4334030030B445 /* Model */ = {
			isa = PBXGroup;
			children = (
				F47E36571D4334E70030B445 /* Pokemon.swift */,
				F47464CA1D4494250003F4C4 /* PokemonHelper.swift */,
				F4038D3B1D50F1B900445DA4 /* PokeRequest.swift */,
				F4CCA7F61D56511A0002A6F2 /* FIRPokemon.swift */,
			);
			name = Model;
			sourceTree = "<group>";
		};
		F47E36591D4334F20030B445 /* NetWork */ = {
			isa = PBXGroup;
			children = (
				F47E365A1D4338DD0030B445 /* DataManager.swift */,
				F4038D351D50D6C500445DA4 /* FirebaseManager.swift */,
			);
			name = NetWork;
			sourceTree = "<group>";
		};
		F4CA49FF1D408A1100669B1F = {
			isa = PBXGroup;
			children = (
				F4CA4A0A1D408A1100669B1F /* gotchamap */,
				F4CA4A5C1D413AEE00669B1F /* Supporting Files */,
				F4CA4A1F1D408A1100669B1F /* gotchamapTests */,
				F4CA4A2A1D408A1100669B1F /* gotchamapUITests */,
				F4CA4A091D408A1100669B1F /* Products */,
				C28619161F319F9A5218EA42 /* Pods */,
				16CD92A9857E5B6790089104 /* Frameworks */,
			);
			sourceTree = "<group>";
		};
		F4CA4A091D408A1100669B1F /* Products */ = {
			isa = PBXGroup;
			children = (
				F4CA4A081D408A1100669B1F /* gotchamap.app */,
				F4CA4A1C1D408A1100669B1F /* gotchamapTests.xctest */,
				F4CA4A271D408A1100669B1F /* gotchamapUITests.xctest */,
			);
			name = Products;
			sourceTree = "<group>";
		};
		F4CA4A0A1D408A1100669B1F /* gotchamap */ = {
			isa = PBXGroup;
			children = (
				F4038D371D50D82B00445DA4 /* Util */,
				F47E36591D4334F20030B445 /* NetWork */,
				F47E36561D4334030030B445 /* Model */,
				F4CA4A5B1D41381E00669B1F /* View */,
				F4CA4A5A1D41381400669B1F /* Controller */,
				F4CA4A431D412F6600669B1F /* Extension */,
				F4CA4A4A1D41373B00669B1F /* Lib */,
				F4038D5B1D5111B600445DA4 /* gotchamap-Bridging-Header.h */,
			);
			path = gotchamap;
			sourceTree = "<group>";
		};
		F4CA4A1F1D408A1100669B1F /* gotchamapTests */ = {
			isa = PBXGroup;
			children = (
				F4CA4A201D408A1100669B1F /* gotchamapTests.swift */,
				F4CA4A221D408A1100669B1F /* Info.plist */,
			);
			path = gotchamapTests;
			sourceTree = "<group>";
		};
		F4CA4A2A1D408A1100669B1F /* gotchamapUITests */ = {
			isa = PBXGroup;
			children = (
				F4CA4A2B1D408A1100669B1F /* gotchamapUITests.swift */,
				F4CA4A2D1D408A1100669B1F /* Info.plist */,
			);
			path = gotchamapUITests;
			sourceTree = "<group>";
		};
		F4CA4A431D412F6600669B1F /* Extension */ = {
			isa = PBXGroup;
			children = (
				F4CA4A441D4130FC00669B1F /* UIColor+Gotcha.swift */,
				F4CA4A461D41311900669B1F /* UIFont+Gotcha.swift */,
				F4CA4A481D41351D00669B1F /* UIColor+Hue.swift */,
				F4CA4A3D1D408B4800669B1F /* UIView+Radius.swift */,
			);
			name = Extension;
			sourceTree = "<group>";
		};
		F4CA4A4A1D41373B00669B1F /* Lib */ = {
			isa = PBXGroup;
			children = (
				F4038D411D51112700445DA4 /* GeoFire */,
				F4E9FA771D4D0FB500CE692F /* BubbleTransition */,
				F4CA4A4B1D41375800669B1F /* FBAnnotationClusteringSwift */,
			);
			name = Lib;
			sourceTree = "<group>";
		};
		F4CA4A4B1D41375800669B1F /* FBAnnotationClusteringSwift */ = {
			isa = PBXGroup;
			children = (
				F4CA4A4C1D4137A400669B1F /* FBAnnotationClusterView.swift */,
				F4CA4A4D1D4137A400669B1F /* FBAnnotation.swift */,
				F4CA4A4E1D4137A400669B1F /* FBAnnotationCluster.swift */,
				F4CA4A4F1D4137A400669B1F /* FBBoundingBox.swift */,
				F4CA4A501D4137A400669B1F /* FBClusteringManager.swift */,
				F4CA4A511D4137A400669B1F /* FBQuadTree.swift */,
				F4CA4A521D4137A400669B1F /* FBQuadTreeNode.swift */,
			);
			name = FBAnnotationClusteringSwift;
			sourceTree = "<group>";
		};
		F4CA4A5A1D41381400669B1F /* Controller */ = {
			isa = PBXGroup;
			children = (
				F4CA4A3B1D408AA400669B1F /* MainVC.swift */,
				F47464CC1D44959D0003F4C4 /* PokedexVC.swift */,
				F47464CE1D44BDD00003F4C4 /* PokedexSearchController.swift */,
				F41FCB171D464D7A00FC446E /* PokeInfoVC.swift */,
				F41FCB181D464D7A00FC446E /* PokeInfoVC.xib */,
				F4D706BC1D58E1EB00B22C60 /* ReportPokeMapVC.swift */,
			);
			name = Controller;
			sourceTree = "<group>";
		};
		F4CA4A5B1D41381E00669B1F /* View */ = {
			isa = PBXGroup;
			children = (
				F47E36541D425C750030B445 /* PokeAnnotationView.swift */,
				F47464D01D44BE840003F4C4 /* PokedexSearchBar.swift */,
				F47464D21D44C0320003F4C4 /* PokedexCell.swift */,
			);
			name = View;
			sourceTree = "<group>";
		};
		F4CA4A5C1D413AEE00669B1F /* Supporting Files */ = {
			isa = PBXGroup;
			children = (
				F47E36511D4220700030B445 /* Pokemon */,
				F47E36501D42205E0030B445 /* Font */,
				F4CA4A171D408A1100669B1F /* Info.plist */,
				F49206F81D4E482300BCEEA4 /* GoogleService-Info.plist */,
				F4CA4A121D408A1100669B1F /* Assets.xcassets */,
			);
			name = "Supporting Files";
			path = gotchamap;
			sourceTree = "<group>";
		};
		F4E9FA771D4D0FB500CE692F /* BubbleTransition */ = {
			isa = PBXGroup;
			children = (
				F4E9FA781D4D101200CE692F /* BubbleTransition.swift */,
			);
			name = BubbleTransition;
			sourceTree = "<group>";
		};
/* End PBXGroup section */

/* Begin PBXNativeTarget section */
		F4CA4A071D408A1100669B1F /* gotchamap */ = {
			isa = PBXNativeTarget;
			buildConfigurationList = F4CA4A301D408A1100669B1F /* Build configuration list for PBXNativeTarget "gotchamap" */;
			buildPhases = (
				F7DD8A2E6A18C8FEDBA147FD /* [CP] Check Pods Manifest.lock */,
				F4CA4A041D408A1100669B1F /* Sources */,
				F4CA4A051D408A1100669B1F /* Frameworks */,
				F4CA4A061D408A1100669B1F /* Resources */,
				7F5017F75C5CB2E05A4D7AFB /* [CP] Embed Pods Frameworks */,
				61869E974F49699D73094A4A /* [CP] Copy Pods Resources */,
				F498DE9B1D59A0F9007BBBD0 /* Bump Buold Version */,
			);
			buildRules = (
			);
			dependencies = (
			);
			name = gotchamap;
			productName = gotchamap;
			productReference = F4CA4A081D408A1100669B1F /* gotchamap.app */;
			productType = "com.apple.product-type.application";
		};
		F4CA4A1B1D408A1100669B1F /* gotchamapTests */ = {
			isa = PBXNativeTarget;
			buildConfigurationList = F4CA4A331D408A1100669B1F /* Build configuration list for PBXNativeTarget "gotchamapTests" */;
			buildPhases = (
				F4CA4A181D408A1100669B1F /* Sources */,
				F4CA4A191D408A1100669B1F /* Frameworks */,
				F4CA4A1A1D408A1100669B1F /* Resources */,
			);
			buildRules = (
			);
			dependencies = (
				F4CA4A1E1D408A1100669B1F /* PBXTargetDependency */,
			);
			name = gotchamapTests;
			productName = gotchamapTests;
			productReference = F4CA4A1C1D408A1100669B1F /* gotchamapTests.xctest */;
			productType = "com.apple.product-type.bundle.unit-test";
		};
		F4CA4A261D408A1100669B1F /* gotchamapUITests */ = {
			isa = PBXNativeTarget;
			buildConfigurationList = F4CA4A361D408A1100669B1F /* Build configuration list for PBXNativeTarget "gotchamapUITests" */;
			buildPhases = (
				F4CA4A231D408A1100669B1F /* Sources */,
				F4CA4A241D408A1100669B1F /* Frameworks */,
				F4CA4A251D408A1100669B1F /* Resources */,
			);
			buildRules = (
			);
			dependencies = (
				F4CA4A291D408A1100669B1F /* PBXTargetDependency */,
			);
			name = gotchamapUITests;
			productName = gotchamapUITests;
			productReference = F4CA4A271D408A1100669B1F /* gotchamapUITests.xctest */;
			productType = "com.apple.product-type.bundle.ui-testing";
		};
/* End PBXNativeTarget section */

/* Begin PBXProject section */
		F4CA4A001D408A1100669B1F /* Project object */ = {
			isa = PBXProject;
			attributes = {
				LastSwiftUpdateCheck = 0730;
				LastUpgradeCheck = 0730;
				ORGANIZATIONNAME = JesseLin;
				TargetAttributes = {
					F4CA4A071D408A1100669B1F = {
						CreatedOnToolsVersion = 7.3;
						DevelopmentTeam = X69W8ZBR5M;
						SystemCapabilities = {
							com.apple.Maps.iOS = {
								enabled = 1;
							};
							com.apple.Push = {
								enabled = 1;
							};
						};
					};
					F4CA4A1B1D408A1100669B1F = {
						CreatedOnToolsVersion = 7.3;
						TestTargetID = F4CA4A071D408A1100669B1F;
					};
					F4CA4A261D408A1100669B1F = {
						CreatedOnToolsVersion = 7.3;
						TestTargetID = F4CA4A071D408A1100669B1F;
					};
				};
			};
			buildConfigurationList = F4CA4A031D408A1100669B1F /* Build configuration list for PBXProject "gotchamap" */;
			compatibilityVersion = "Xcode 3.2";
			developmentRegion = English;
			hasScannedForEncodings = 0;
			knownRegions = (
				en,
				Base,
			);
			mainGroup = F4CA49FF1D408A1100669B1F;
			productRefGroup = F4CA4A091D408A1100669B1F /* Products */;
			projectDirPath = "";
			projectRoot = "";
			targets = (
				F4CA4A071D408A1100669B1F /* gotchamap */,
				F4CA4A1B1D408A1100669B1F /* gotchamapTests */,
				F4CA4A261D408A1100669B1F /* gotchamapUITests */,
			);
		};
/* End PBXProject section */

/* Begin PBXResourcesBuildPhase section */
		F4CA4A061D408A1100669B1F /* Resources */ = {
			isa = PBXResourcesBuildPhase;
			buildActionMask = 2147483647;
			files = (
				F41FCB1A1D464D7A00FC446E /* PokeInfoVC.xib in Resources */,
				F4CA4A421D412F3600669B1F /* NotoSans-Bold.ttf in Resources */,
				F47E36531D4220820030B445 /* pokemon.json in Resources */,
				F4CA4A401D412F1F00669B1F /* NotoSans-Regular.ttf in Resources */,
				F4CA4A131D408A1100669B1F /* Assets.xcassets in Resources */,
				F49206F91D4E482300BCEEA4 /* GoogleService-Info.plist in Resources */,
			);
			runOnlyForDeploymentPostprocessing = 0;
		};
		F4CA4A1A1D408A1100669B1F /* Resources */ = {
			isa = PBXResourcesBuildPhase;
			buildActionMask = 2147483647;
			files = (
			);
			runOnlyForDeploymentPostprocessing = 0;
		};
		F4CA4A251D408A1100669B1F /* Resources */ = {
			isa = PBXResourcesBuildPhase;
			buildActionMask = 2147483647;
			files = (
			);
			runOnlyForDeploymentPostprocessing = 0;
		};
/* End PBXResourcesBuildPhase section */

/* Begin PBXShellScriptBuildPhase section */
		61869E974F49699D73094A4A /* [CP] Copy Pods Resources */ = {
			isa = PBXShellScriptBuildPhase;
			buildActionMask = 2147483647;
			files = (
			);
			inputPaths = (
			);
			name = "[CP] Copy Pods Resources";
			outputPaths = (
			);
			runOnlyForDeploymentPostprocessing = 0;
			shellPath = /bin/sh;
			shellScript = "\"${SRCROOT}/Pods/Target Support Files/Pods-gotchamap/Pods-gotchamap-resources.sh\"\n";
			showEnvVarsInLog = 0;
		};
		7F5017F75C5CB2E05A4D7AFB /* [CP] Embed Pods Frameworks */ = {
			isa = PBXShellScriptBuildPhase;
			buildActionMask = 2147483647;
			files = (
			);
			inputPaths = (
			);
			name = "[CP] Embed Pods Frameworks";
			outputPaths = (
			);
			runOnlyForDeploymentPostprocessing = 0;
			shellPath = /bin/sh;
			shellScript = "\"${SRCROOT}/Pods/Target Support Files/Pods-gotchamap/Pods-gotchamap-frameworks.sh\"\n";
			showEnvVarsInLog = 0;
		};
		F498DE9B1D59A0F9007BBBD0 /* Bump Buold Version */ = {
			isa = PBXShellScriptBuildPhase;
			buildActionMask = 8;
			files = (
			);
			inputPaths = (
			);
			name = "Bump Buold Version";
			outputPaths = (
			);
			runOnlyForDeploymentPostprocessing = 1;
			shellPath = /bin/sh;
			shellScript = "#if [ $CONFIGURATION == Release ]; then\nbuildNumber=$(/usr/libexec/PlistBuddy -c \"Print CFBundleVersion\" \"${INFOPLIST_FILE}\")\nbuildNumber=$(($buildNumber + 1))\n/usr/libexec/PlistBuddy -c \"Set :CFBundleVersion $buildNumber\" \"${INFOPLIST_FILE}\"\n#fi";
		};
		F7DD8A2E6A18C8FEDBA147FD /* [CP] Check Pods Manifest.lock */ = {
			isa = PBXShellScriptBuildPhase;
			buildActionMask = 2147483647;
			files = (
			);
			inputPaths = (
			);
			name = "[CP] Check Pods Manifest.lock";
			outputPaths = (
			);
			runOnlyForDeploymentPostprocessing = 0;
			shellPath = /bin/sh;
			shellScript = "diff \"${PODS_ROOT}/../Podfile.lock\" \"${PODS_ROOT}/Manifest.lock\" > /dev/null\nif [[ $? != 0 ]] ; then\n    cat << EOM\nerror: The sandbox is not in sync with the Podfile.lock. Run 'pod install' or update your CocoaPods installation.\nEOM\n    exit 1\nfi\n";
			showEnvVarsInLog = 0;
		};
/* End PBXShellScriptBuildPhase section */

/* Begin PBXSourcesBuildPhase section */
		F4CA4A041D408A1100669B1F /* Sources */ = {
			isa = PBXSourcesBuildPhase;
			buildActionMask = 2147483647;
			files = (
				F4038D391D50D83E00445DA4 /* Constants.swift in Sources */,
				F47E36551D425C750030B445 /* PokeAnnotationView.swift in Sources */,
				F47E365B1D4338DD0030B445 /* DataManager.swift in Sources */,
				F47464D31D44C0320003F4C4 /* PokedexCell.swift in Sources */,
				F41FCB191D464D7A00FC446E /* PokeInfoVC.swift in Sources */,
				F4CCA7F71D56511A0002A6F2 /* FIRPokemon.swift in Sources */,
				F4CA4A551D4137A400669B1F /* FBAnnotationCluster.swift in Sources */,
				F4038D3C1D50F1B900445DA4 /* PokeRequest.swift in Sources */,
				F4D706BD1D58E1EB00B22C60 /* ReportPokeMapVC.swift in Sources */,
				F4CA4A571D4137A400669B1F /* FBClusteringManager.swift in Sources */,
				F4CA4A581D4137A400669B1F /* FBQuadTree.swift in Sources */,
				F4038D551D51113400445DA4 /* GFGeoHash.m in Sources */,
				F4CA4A541D4137A400669B1F /* FBAnnotation.swift in Sources */,
				F47E36581D4334E70030B445 /* Pokemon.swift in Sources */,
				F43EED971D570FAB00DF2D91 /* Debug.swift in Sources */,
				F47464CF1D44BDD00003F4C4 /* PokedexSearchController.swift in Sources */,
				F4038D541D51113400445DA4 /* GFBase32Utils.m in Sources */,
				F4CA4A491D41351D00669B1F /* UIColor+Hue.swift in Sources */,
				F47464CB1D4494250003F4C4 /* PokemonHelper.swift in Sources */,
				F4038D361D50D6C500445DA4 /* FirebaseManager.swift in Sources */,
				F4CA4A3E1D408B4800669B1F /* UIView+Radius.swift in Sources */,
				F4CA4A451D4130FC00669B1F /* UIColor+Gotcha.swift in Sources */,
				F4CA4A591D4137A400669B1F /* FBQuadTreeNode.swift in Sources */,
				F4CA4A531D4137A400669B1F /* FBAnnotationClusterView.swift in Sources */,
				F4CA4A0C1D408A1100669B1F /* AppDelegate.swift in Sources */,
				F4CA4A3C1D408AA400669B1F /* MainVC.swift in Sources */,
				F4038D561D51113400445DA4 /* GFGeoHashQuery.m in Sources */,
				F47464D11D44BE840003F4C4 /* PokedexSearchBar.swift in Sources */,
				F47464CD1D44959D0003F4C4 /* PokedexVC.swift in Sources */,
				F4E9FA791D4D101200CE692F /* BubbleTransition.swift in Sources */,
				F4CA4A471D41311900669B1F /* UIFont+Gotcha.swift in Sources */,
				F4CA4A561D4137A400669B1F /* FBBoundingBox.swift in Sources */,
				F4038D571D51113400445DA4 /* GFQuery.m in Sources */,
				F4038D531D51113400445DA4 /* GeoFire.m in Sources */,
			);
			runOnlyForDeploymentPostprocessing = 0;
		};
		F4CA4A181D408A1100669B1F /* Sources */ = {
			isa = PBXSourcesBuildPhase;
			buildActionMask = 2147483647;
			files = (
				F4CA4A211D408A1100669B1F /* gotchamapTests.swift in Sources */,
			);
			runOnlyForDeploymentPostprocessing = 0;
		};
		F4CA4A231D408A1100669B1F /* Sources */ = {
			isa = PBXSourcesBuildPhase;
			buildActionMask = 2147483647;
			files = (
				F4CA4A2C1D408A1100669B1F /* gotchamapUITests.swift in Sources */,
			);
			runOnlyForDeploymentPostprocessing = 0;
		};
/* End PBXSourcesBuildPhase section */

/* Begin PBXTargetDependency section */
		F4CA4A1E1D408A1100669B1F /* PBXTargetDependency */ = {
			isa = PBXTargetDependency;
			target = F4CA4A071D408A1100669B1F /* gotchamap */;
			targetProxy = F4CA4A1D1D408A1100669B1F /* PBXContainerItemProxy */;
		};
		F4CA4A291D408A1100669B1F /* PBXTargetDependency */ = {
			isa = PBXTargetDependency;
			target = F4CA4A071D408A1100669B1F /* gotchamap */;
			targetProxy = F4CA4A281D408A1100669B1F /* PBXContainerItemProxy */;
		};
/* End PBXTargetDependency section */

/* Begin XCBuildConfiguration section */
		F4CA4A2E1D408A1100669B1F /* Debug */ = {
			isa = XCBuildConfiguration;
			buildSettings = {
				ALWAYS_SEARCH_USER_PATHS = NO;
				CLANG_ANALYZER_NONNULL = YES;
				CLANG_CXX_LANGUAGE_STANDARD = "gnu++0x";
				CLANG_CXX_LIBRARY = "libc++";
				CLANG_ENABLE_MODULES = YES;
				CLANG_ENABLE_OBJC_ARC = YES;
				CLANG_WARN_BOOL_CONVERSION = YES;
				CLANG_WARN_CONSTANT_CONVERSION = YES;
				CLANG_WARN_DIRECT_OBJC_ISA_USAGE = YES_ERROR;
				CLANG_WARN_EMPTY_BODY = YES;
				CLANG_WARN_ENUM_CONVERSION = YES;
				CLANG_WARN_INT_CONVERSION = YES;
				CLANG_WARN_OBJC_ROOT_CLASS = YES_ERROR;
				CLANG_WARN_UNREACHABLE_CODE = YES;
				CLANG_WARN__DUPLICATE_METHOD_MATCH = YES;
				"CODE_SIGN_IDENTITY[sdk=iphoneos*]" = "iPhone Developer";
				COPY_PHASE_STRIP = NO;
				DEBUG_INFORMATION_FORMAT = dwarf;
				ENABLE_STRICT_OBJC_MSGSEND = YES;
				ENABLE_TESTABILITY = YES;
				GCC_C_LANGUAGE_STANDARD = gnu99;
				GCC_DYNAMIC_NO_PIC = NO;
				GCC_NO_COMMON_BLOCKS = YES;
				GCC_OPTIMIZATION_LEVEL = 0;
				GCC_PREPROCESSOR_DEFINITIONS = (
					"DEBUG=1",
					"$(inherited)",
				);
				GCC_WARN_64_TO_32_BIT_CONVERSION = YES;
				GCC_WARN_ABOUT_RETURN_TYPE = YES_ERROR;
				GCC_WARN_UNDECLARED_SELECTOR = YES;
				GCC_WARN_UNINITIALIZED_AUTOS = YES_AGGRESSIVE;
				GCC_WARN_UNUSED_FUNCTION = YES;
				GCC_WARN_UNUSED_VARIABLE = YES;
				IPHONEOS_DEPLOYMENT_TARGET = 9.3;
				MTL_ENABLE_DEBUG_INFO = YES;
				ONLY_ACTIVE_ARCH = YES;
				SDKROOT = iphoneos;
				SWIFT_OPTIMIZATION_LEVEL = "-Onone";
				TARGETED_DEVICE_FAMILY = "1,2";
			};
			name = Debug;
		};
		F4CA4A2F1D408A1100669B1F /* Release */ = {
			isa = XCBuildConfiguration;
			buildSettings = {
				ALWAYS_SEARCH_USER_PATHS = NO;
				CLANG_ANALYZER_NONNULL = YES;
				CLANG_CXX_LANGUAGE_STANDARD = "gnu++0x";
				CLANG_CXX_LIBRARY = "libc++";
				CLANG_ENABLE_MODULES = YES;
				CLANG_ENABLE_OBJC_ARC = YES;
				CLANG_WARN_BOOL_CONVERSION = YES;
				CLANG_WARN_CONSTANT_CONVERSION = YES;
				CLANG_WARN_DIRECT_OBJC_ISA_USAGE = YES_ERROR;
				CLANG_WARN_EMPTY_BODY = YES;
				CLANG_WARN_ENUM_CONVERSION = YES;
				CLANG_WARN_INT_CONVERSION = YES;
				CLANG_WARN_OBJC_ROOT_CLASS = YES_ERROR;
				CLANG_WARN_UNREACHABLE_CODE = YES;
				CLANG_WARN__DUPLICATE_METHOD_MATCH = YES;
				"CODE_SIGN_IDENTITY[sdk=iphoneos*]" = "iPhone Developer";
				COPY_PHASE_STRIP = NO;
				DEBUG_INFORMATION_FORMAT = "dwarf-with-dsym";
				ENABLE_NS_ASSERTIONS = NO;
				ENABLE_STRICT_OBJC_MSGSEND = YES;
				GCC_C_LANGUAGE_STANDARD = gnu99;
				GCC_NO_COMMON_BLOCKS = YES;
				GCC_WARN_64_TO_32_BIT_CONVERSION = YES;
				GCC_WARN_ABOUT_RETURN_TYPE = YES_ERROR;
				GCC_WARN_UNDECLARED_SELECTOR = YES;
				GCC_WARN_UNINITIALIZED_AUTOS = YES_AGGRESSIVE;
				GCC_WARN_UNUSED_FUNCTION = YES;
				GCC_WARN_UNUSED_VARIABLE = YES;
				IPHONEOS_DEPLOYMENT_TARGET = 9.3;
				MTL_ENABLE_DEBUG_INFO = NO;
				SDKROOT = iphoneos;
				TARGETED_DEVICE_FAMILY = "1,2";
				VALIDATE_PRODUCT = YES;
			};
			name = Release;
		};
		F4CA4A311D408A1100669B1F /* Debug */ = {
			isa = XCBuildConfiguration;
			baseConfigurationReference = C3DF02E75B2DCCD905BB66DD /* Pods-gotchamap.debug.xcconfig */;
			buildSettings = {
				ASSETCATALOG_COMPILER_APPICON_NAME = AppIcon;
				ASSETCATALOG_COMPILER_LAUNCHIMAGE_NAME = LaunchImage;
				CODE_SIGN_IDENTITY = "iPhone Developer";
				INFOPLIST_FILE = gotchamap/Info.plist;
				IPHONEOS_DEPLOYMENT_TARGET = 8.0;
				LD_RUNPATH_SEARCH_PATHS = "$(inherited) @executable_path/Frameworks";
				OTHER_SWIFT_FLAGS = "$(inherited) \"-D\" \"COCOAPODS\" \"-DDEBUG\"";
				PRODUCT_BUNDLE_IDENTIFIER = com.jesselin.gotchamap;
				PRODUCT_NAME = "$(TARGET_NAME)";
				SWIFT_OBJC_BRIDGING_HEADER = "./gotchamap/gotchamap-Bridging-Header.h";
			};
			name = Debug;
		};
		F4CA4A321D408A1100669B1F /* Release */ = {
			isa = XCBuildConfiguration;
			baseConfigurationReference = 8C68677082A00B2ABAAD2799 /* Pods-gotchamap.release.xcconfig */;
			buildSettings = {
				ASSETCATALOG_COMPILER_APPICON_NAME = AppIcon;
				ASSETCATALOG_COMPILER_LAUNCHIMAGE_NAME = LaunchImage;
				CODE_SIGN_IDENTITY = "iPhone Developer";
				INFOPLIST_FILE = gotchamap/Info.plist;
				IPHONEOS_DEPLOYMENT_TARGET = 8.0;
				LD_RUNPATH_SEARCH_PATHS = "$(inherited) @executable_path/Frameworks";
				OTHER_SWIFT_FLAGS = "$(inherited) \"-D\" \"COCOAPODS\"";
				PRODUCT_BUNDLE_IDENTIFIER = com.jesselin.gotchamap;
				PRODUCT_NAME = "$(TARGET_NAME)";
				SWIFT_OBJC_BRIDGING_HEADER = "./gotchamap/gotchamap-Bridging-Header.h";
			};
			name = Release;
		};
		F4CA4A341D408A1100669B1F /* Debug */ = {
			isa = XCBuildConfiguration;
			buildSettings = {
				BUNDLE_LOADER = "$(TEST_HOST)";
				INFOPLIST_FILE = gotchamapTests/Info.plist;
				LD_RUNPATH_SEARCH_PATHS = "$(inherited) @executable_path/Frameworks @loader_path/Frameworks";
				PRODUCT_BUNDLE_IDENTIFIER = com.jesse.gotchamapTests;
				PRODUCT_NAME = "$(TARGET_NAME)";
				TEST_HOST = "$(BUILT_PRODUCTS_DIR)/gotchamap.app/gotchamap";
			};
			name = Debug;
		};
		F4CA4A351D408A1100669B1F /* Release */ = {
			isa = XCBuildConfiguration;
			buildSettings = {
				BUNDLE_LOADER = "$(TEST_HOST)";
				INFOPLIST_FILE = gotchamapTests/Info.plist;
				LD_RUNPATH_SEARCH_PATHS = "$(inherited) @executable_path/Frameworks @loader_path/Frameworks";
				PRODUCT_BUNDLE_IDENTIFIER = com.jesse.gotchamapTests;
				PRODUCT_NAME = "$(TARGET_NAME)";
				TEST_HOST = "$(BUILT_PRODUCTS_DIR)/gotchamap.app/gotchamap";
			};
			name = Release;
		};
		F4CA4A371D408A1100669B1F /* Debug */ = {
			isa = XCBuildConfiguration;
			buildSettings = {
				INFOPLIST_FILE = gotchamapUITests/Info.plist;
				LD_RUNPATH_SEARCH_PATHS = "$(inherited) @executable_path/Frameworks @loader_path/Frameworks";
				PRODUCT_BUNDLE_IDENTIFIER = com.jesse.gotchamapUITests;
				PRODUCT_NAME = "$(TARGET_NAME)";
				TEST_TARGET_NAME = gotchamap;
			};
			name = Debug;
		};
		F4CA4A381D408A1100669B1F /* Release */ = {
			isa = XCBuildConfiguration;
			buildSettings = {
				INFOPLIST_FILE = gotchamapUITests/Info.plist;
				LD_RUNPATH_SEARCH_PATHS = "$(inherited) @executable_path/Frameworks @loader_path/Frameworks";
				PRODUCT_BUNDLE_IDENTIFIER = com.jesse.gotchamapUITests;
				PRODUCT_NAME = "$(TARGET_NAME)";
				TEST_TARGET_NAME = gotchamap;
			};
			name = Release;
		};
/* End XCBuildConfiguration section */

/* Begin XCConfigurationList section */
		F4CA4A031D408A1100669B1F /* Build configuration list for PBXProject "gotchamap" */ = {
			isa = XCConfigurationList;
			buildConfigurations = (
				F4CA4A2E1D408A1100669B1F /* Debug */,
				F4CA4A2F1D408A1100669B1F /* Release */,
			);
			defaultConfigurationIsVisible = 0;
			defaultConfigurationName = Release;
		};
		F4CA4A301D408A1100669B1F /* Build configuration list for PBXNativeTarget "gotchamap" */ = {
			isa = XCConfigurationList;
			buildConfigurations = (
				F4CA4A311D408A1100669B1F /* Debug */,
				F4CA4A321D408A1100669B1F /* Release */,
			);
			defaultConfigurationIsVisible = 0;
			defaultConfigurationName = Release;
		};
		F4CA4A331D408A1100669B1F /* Build configuration list for PBXNativeTarget "gotchamapTests" */ = {
			isa = XCConfigurationList;
			buildConfigurations = (
				F4CA4A341D408A1100669B1F /* Debug */,
				F4CA4A351D408A1100669B1F /* Release */,
			);
			defaultConfigurationIsVisible = 0;
			defaultConfigurationName = Release;
		};
		F4CA4A361D408A1100669B1F /* Build configuration list for PBXNativeTarget "gotchamapUITests" */ = {
			isa = XCConfigurationList;
			buildConfigurations = (
				F4CA4A371D408A1100669B1F /* Debug */,
				F4CA4A381D408A1100669B1F /* Release */,
			);
			defaultConfigurationIsVisible = 0;
			defaultConfigurationName = Release;
		};
/* End XCConfigurationList section */
	};
	rootObject = F4CA4A001D408A1100669B1F /* Project object */;
}
